
Microsoft Visual Studio Solution File, Format Version 12.00
# Visual Studio 2015
Project("{FAE04EC0-301F-11D3-BF4B-00C04F79EFBC}") = "AR_Project3.CSharp", "AR_Project3.CSharp.csproj", "{F8647922-6129-3422-003D-E054F1F20A07}"
EndProject
Project("{FAE04EC0-301F-11D3-BF4B-00C04F79EFBC}") = "AR_Project3.CSharp.Editor", "AR_Project3.CSharp.Editor.csproj", "{6F2DDA29-3635-57DA-EA01-BCABD0EBBB77}"
EndProject
Global
	GlobalSection(SolutionConfigurationPlatforms) = preSolution
		Debug|Any CPU = Debug|Any CPU
		Release|Any CPU = Release|Any CPU
	EndGlobalSection
	GlobalSection(ProjectConfigurationPlatforms) = postSolution
		{F8647922-6129-3422-003D-E054F1F20A07}.Debug|Any CPU.ActiveCfg = Debug|Any CPU
		{F8647922-6129-3422-003D-E054F1F20A07}.Debug|Any CPU.Build.0 = Debug|Any CPU
		{F8647922-6129-3422-003D-E054F1F20A07}.Release|Any CPU.ActiveCfg = Release|Any CPU
		{F8647922-6129-3422-003D-E054F1F20A07}.Release|Any CPU.Build.0 = Release|Any CPU
		{6F2DDA29-3635-57DA-EA01-BCABD0EBBB77}.Debug|Any CPU.ActiveCfg = Debug|Any CPU
		{6F2DDA29-3635-57DA-EA01-BCABD0EBBB77}.Debug|Any CPU.Build.0 = Debug|Any CPU
		{6F2DDA29-3635-57DA-EA01-BCABD0EBBB77}.Release|Any CPU.ActiveCfg = Release|Any CPU
		{6F2DDA29-3635-57DA-EA01-BCABD0EBBB77}.Release|Any CPU.Build.0 = Release|Any CPU
	EndGlobalSection
	GlobalSection(SolutionProperties) = preSolution
		HideSolutionNode = FALSE
	EndGlobalSection
EndGlobal
